{
  "version": 4,
  "terraform_version": "1.11.4",
  "serial": 98,
  "lineage": "b7681e28-b9c0-3e19-a5a2-db9e8a635c0c",
  "outputs": {},
  "resources": [
    {
      "mode": "data",
      "type": "aws_ami",
      "name": "latest_amazon_linux",
      "provider": "provider[\"registry.terraform.io/hashicorp/aws\"]",
      "instances": [
        {
          "schema_version": 0,
          "attributes": {
            "architecture": "x86_64",
            "arn": "arn:aws:ec2:ap-northeast-1::image/ami-0c1638aa346a43fe8",
            "block_device_mappings": [
              {
                "device_name": "/dev/xvda",
                "ebs": {
                  "delete_on_termination": "true",
                  "encrypted": "false",
                  "iops": "3000",
                  "snapshot_id": "snap-02a5130649c210e13",
                  "throughput": "125",
                  "volume_size": "8",
                  "volume_type": "gp3"
                },
                "no_device": "",
                "virtual_name": ""
              }
            ],
            "boot_mode": "uefi-preferred",
            "creation_date": "2025-05-09T22:50:14.000Z",
            "deprecation_time": "2025-08-07T22:50:00.000Z",
            "description": "Amazon Linux 2023 AMI 2023.7.20250512.0 x86_64 HVM kernel-6.1",
            "ena_support": true,
            "executable_users": null,
            "filter": [
              {
                "name": "architecture",
                "values": [
                  "x86_64"
                ]
              },
              {
                "name": "name",
                "values": [
                  "al2023-ami-2023.*-x86_64"
                ]
              },
              {
                "name": "root-device-type",
                "values": [
                  "ebs"
                ]
              },
              {
                "name": "virtualization-type",
                "values": [
                  "hvm"
                ]
              }
            ],
            "hypervisor": "xen",
            "id": "ami-0c1638aa346a43fe8",
            "image_id": "ami-0c1638aa346a43fe8",
            "image_location": "amazon/al2023-ami-2023.7.20250512.0-kernel-6.1-x86_64",
            "image_owner_alias": "amazon",
            "image_type": "machine",
            "imds_support": "v2.0",
            "include_deprecated": false,
            "kernel_id": "",
            "last_launched_time": "",
            "most_recent": true,
            "name": "al2023-ami-2023.7.20250512.0-kernel-6.1-x86_64",
            "name_regex": null,
            "owner_id": "137112412989",
            "owners": [
              "amazon"
            ],
            "platform": "",
            "platform_details": "Linux/UNIX",
            "product_codes": [],
            "public": true,
            "ramdisk_id": "",
            "root_device_name": "/dev/xvda",
            "root_device_type": "ebs",
            "root_snapshot_id": "snap-02a5130649c210e13",
            "sriov_net_support": "simple",
            "state": "available",
            "state_reason": {
              "code": "UNSET",
              "message": "UNSET"
            },
            "tags": {},
            "timeouts": null,
            "tpm_support": "",
            "uefi_data": null,
            "usage_operation": "RunInstances",
            "virtualization_type": "hvm"
          },
          "sensitive_attributes": []
        }
      ]
    },
    {
      "mode": "managed",
      "type": "aws_eip",
      "name": "eip_ec2_1",
      "provider": "provider[\"registry.terraform.io/hashicorp/aws\"]",
      "instances": [
        {
          "schema_version": 0,
          "attributes": {
            "address": null,
            "allocation_id": "eipalloc-0ae9f35062ae70788",
            "arn": "arn:aws:ec2:ap-northeast-1:495264909330:elastic-ip/eipalloc-0ae9f35062ae70788",
            "associate_with_private_ip": null,
            "association_id": "eipassoc-00915cfe2923ca2c1",
            "carrier_ip": "",
            "customer_owned_ip": "",
            "customer_owned_ipv4_pool": "",
            "domain": "vpc",
            "id": "eipalloc-0ae9f35062ae70788",
            "instance": "i-049ca77c497339df7",
            "ipam_pool_id": null,
            "network_border_group": "ap-northeast-1",
            "network_interface": "eni-03a3d90f4af5114af",
            "private_dns": "ip-10-0-2-220.ap-northeast-1.compute.internal",
            "private_ip": "10.0.2.220",
            "ptr_record": "",
            "public_dns": "ec2-176-32-93-155.ap-northeast-1.compute.amazonaws.com",
            "public_ip": "176.32.93.155",
            "public_ipv4_pool": "amazon",
            "tags": {
              "Name": "team06-eip-ec2-1",
              "Team": "devcos5-team06"
            },
            "tags_all": {
              "Name": "team06-eip-ec2-1",
              "Team": "devcos5-team06"
            },
            "timeouts": null,
            "vpc": true
          },
          "sensitive_attributes": [],
          "private": "eyJlMmJmYjczMC1lY2FhLTExZTYtOGY4OC0zNDM2M2JjN2M0YzAiOnsiZGVsZXRlIjoxODAwMDAwMDAwMDAsInJlYWQiOjkwMDAwMDAwMDAwMCwidXBkYXRlIjozMDAwMDAwMDAwMDB9fQ=="
        }
      ]
    },
    {
      "mode": "managed",
      "type": "aws_eip_association",
      "name": "eip_assoc_ec2_1",
      "provider": "provider[\"registry.terraform.io/hashicorp/aws\"]",
      "instances": [
        {
          "schema_version": 0,
          "attributes": {
            "allocation_id": "eipalloc-0ae9f35062ae70788",
            "allow_reassociation": null,
            "id": "eipassoc-0ff94d88b6e5fc77d",
            "instance_id": "i-0ae288ab6e4fd737f",
            "network_interface_id": "eni-0a32631b35994eb27",
            "private_ip_address": "10.0.2.233",
            "public_ip": "176.32.93.155"
          },
          "sensitive_attributes": [],
          "private": "bnVsbA==",
          "dependencies": [
            "aws_eip.eip_ec2_1",
            "aws_iam_instance_profile.instance_profile_01",
            "aws_iam_role.ec2_role-01",
            "aws_instance.ec2_1",
            "aws_security_group.nginx-sg",
            "aws_subnet.subnet-02",
            "aws_vpc.vpc-01",
            "data.aws_ami.latest_amazon_linux"
          ]
        }
      ]
    },
    {
      "mode": "managed",
      "type": "aws_iam_instance_profile",
      "name": "instance_profile_01",
      "provider": "provider[\"registry.terraform.io/hashicorp/aws\"]",
      "instances": [
        {
          "schema_version": 0,
          "attributes": {
            "arn": "arn:aws:iam::495264909330:instance-profile/team06-instance-profile-1",
            "create_date": "2025-04-30T15:00:26Z",
            "id": "team06-instance-profile-1",
            "name": "team06-instance-profile-1",
            "name_prefix": "",
            "path": "/",
            "role": "team06-ec2-role-01",
            "tags": {},
            "tags_all": {},
            "unique_id": "AIPAXGUAWZAJCTQJ3NCP3"
          },
          "sensitive_attributes": [],
          "private": "bnVsbA==",
          "dependencies": [
            "aws_iam_role.ec2_role-01"
          ]
        }
      ]
    },
    {
      "mode": "managed",
      "type": "aws_iam_policy",
      "name": "ec2_app_s3_policy",
      "provider": "provider[\"registry.terraform.io/hashicorp/aws\"]",
      "instances": [
        {
          "schema_version": 0,
          "attributes": {
            "arn": "arn:aws:iam::495264909330:policy/team06-ec2-profile-image-policy",
            "attachment_count": 1,
            "description": "EC2가 profile-image S3 버킷에 접근할 수 있는 권한",
            "id": "arn:aws:iam::495264909330:policy/team06-ec2-profile-image-policy",
            "name": "team06-ec2-profile-image-policy",
            "name_prefix": "",
            "path": "/",
            "policy": "{\"Statement\":[{\"Action\":[\"s3:PutObject\",\"s3:GetObject\",\"s3:DeleteObject\"],\"Effect\":\"Allow\",\"Resource\":\"arn:aws:s3:::team06-moviematch-bucket/*\"},{\"Action\":[\"s3:ListBucket\"],\"Effect\":\"Allow\",\"Resource\":\"arn:aws:s3:::team06-moviematch-bucket\"}],\"Version\":\"2012-10-17\"}",
            "policy_id": "ANPAXGUAWZAJISNWKXAQD",
            "tags": {},
            "tags_all": {}
          },
          "sensitive_attributes": [],
          "private": "bnVsbA==",
          "dependencies": [
            "aws_s3_bucket.app_bucket"
          ]
        }
      ]
    },
    {
      "mode": "managed",
      "type": "aws_iam_role",
      "name": "ec2_role-01",
      "provider": "provider[\"registry.terraform.io/hashicorp/aws\"]",
      "instances": [
        {
          "schema_version": 0,
          "attributes": {
            "arn": "arn:aws:iam::495264909330:role/team06-ec2-role-01",
            "assume_role_policy": "{\"Statement\":[{\"Action\":\"sts:AssumeRole\",\"Effect\":\"Allow\",\"Principal\":{\"Service\":\"ec2.amazonaws.com\"},\"Sid\":\"\"}],\"Version\":\"2012-10-17\"}",
            "create_date": "2025-04-30T15:00:25Z",
            "description": "",
            "force_detach_policies": false,
            "id": "team06-ec2-role-01",
            "inline_policy": [],
            "managed_policy_arns": [
              "arn:aws:iam::495264909330:policy/team06-ec2-profile-image-policy",
              "arn:aws:iam::aws:policy/AmazonS3FullAccess",
              "arn:aws:iam::aws:policy/service-role/AmazonEC2RoleforSSM"
            ],
            "max_session_duration": 3600,
            "name": "team06-ec2-role-01",
            "name_prefix": "",
            "path": "/",
            "permissions_boundary": "",
            "tags": {},
            "tags_all": {},
            "unique_id": "AROAXGUAWZAJH5AOBPPOO"
          },
          "sensitive_attributes": [],
          "private": "bnVsbA=="
        }
      ]
    },
    {
      "mode": "managed",
      "type": "aws_iam_role_policy_attachment",
      "name": "ec2_app_s3_policy_attachment",
      "provider": "provider[\"registry.terraform.io/hashicorp/aws\"]",
      "instances": [
        {
          "schema_version": 0,
          "attributes": {
            "id": "team06-ec2-role-01-20250510063232001100000001",
            "policy_arn": "arn:aws:iam::495264909330:policy/team06-ec2-profile-image-policy",
            "role": "team06-ec2-role-01"
          },
          "sensitive_attributes": [],
          "private": "bnVsbA==",
          "dependencies": [
            "aws_iam_policy.ec2_app_s3_policy",
            "aws_iam_role.ec2_role-01",
            "aws_s3_bucket.app_bucket"
          ]
        }
      ]
    },
    {
      "mode": "managed",
      "type": "aws_iam_role_policy_attachment",
      "name": "ec2_ssm",
      "provider": "provider[\"registry.terraform.io/hashicorp/aws\"]",
      "instances": [
        {
          "schema_version": 0,
          "attributes": {
            "id": "team06-ec2-role-01-20250430150024652800000002",
            "policy_arn": "arn:aws:iam::aws:policy/service-role/AmazonEC2RoleforSSM",
            "role": "team06-ec2-role-01"
          },
          "sensitive_attributes": [],
          "private": "bnVsbA==",
          "dependencies": [
            "aws_iam_role.ec2_role-01"
          ]
        }
      ]
    },
    {
      "mode": "managed",
      "type": "aws_iam_role_policy_attachment",
      "name": "s3_full_access",
      "provider": "provider[\"registry.terraform.io/hashicorp/aws\"]",
      "instances": [
        {
          "schema_version": 0,
          "attributes": {
            "id": "team06-ec2-role-01-20250430150024167100000001",
            "policy_arn": "arn:aws:iam::aws:policy/AmazonS3FullAccess",
            "role": "team06-ec2-role-01"
          },
          "sensitive_attributes": [],
          "private": "bnVsbA==",
          "dependencies": [
            "aws_iam_role.ec2_role-01"
          ]
        }
      ]
    },
    {
      "mode": "managed",
      "type": "aws_instance",
      "name": "ec2_1",
      "provider": "provider[\"registry.terraform.io/hashicorp/aws\"]",
      "instances": [
        {
          "schema_version": 1,
          "attributes": {
            "ami": "ami-0c1638aa346a43fe8",
            "arn": "arn:aws:ec2:ap-northeast-1:495264909330:instance/i-0ae288ab6e4fd737f",
            "associate_public_ip_address": true,
            "availability_zone": "ap-northeast-1a",
            "capacity_reservation_specification": [
              {
                "capacity_reservation_preference": "open",
                "capacity_reservation_target": []
              }
            ],
            "cpu_core_count": 1,
            "cpu_options": [
              {
                "amd_sev_snp": "",
                "core_count": 1,
                "threads_per_core": 2
              }
            ],
            "cpu_threads_per_core": 2,
            "credit_specification": [
              {
                "cpu_credits": "unlimited"
              }
            ],
            "disable_api_stop": false,
            "disable_api_termination": false,
            "ebs_block_device": [],
            "ebs_optimized": false,
            "enable_primary_ipv6": null,
            "enclave_options": [
              {
                "enabled": false
              }
            ],
            "ephemeral_block_device": [],
            "get_password_data": false,
            "hibernation": false,
            "host_id": "",
            "host_resource_group_arn": null,
            "iam_instance_profile": "team06-instance-profile-1",
            "id": "i-0ae288ab6e4fd737f",
            "instance_initiated_shutdown_behavior": "stop",
            "instance_lifecycle": "",
            "instance_market_options": [],
            "instance_state": "running",
            "instance_type": "t3.micro",
            "ipv6_address_count": 0,
            "ipv6_addresses": [],
            "key_name": "",
            "launch_template": [],
            "maintenance_options": [
              {
                "auto_recovery": "default"
              }
            ],
            "metadata_options": [
              {
                "http_endpoint": "enabled",
                "http_protocol_ipv6": "disabled",
                "http_put_response_hop_limit": 2,
                "http_tokens": "required",
                "instance_metadata_tags": "disabled"
              }
            ],
            "monitoring": false,
            "network_interface": [],
            "outpost_arn": "",
            "password_data": "",
            "placement_group": "",
            "placement_partition_number": 0,
            "primary_network_interface_id": "eni-0a32631b35994eb27",
            "private_dns": "ip-10-0-2-233.ap-northeast-1.compute.internal",
            "private_dns_name_options": [
              {
                "enable_resource_name_dns_a_record": false,
                "enable_resource_name_dns_aaaa_record": false,
                "hostname_type": "ip-name"
              }
            ],
            "private_ip": "10.0.2.233",
            "public_dns": "",
            "public_ip": "13.230.150.123",
            "root_block_device": [
              {
                "delete_on_termination": true,
                "device_name": "/dev/xvda",
                "encrypted": false,
                "iops": 3000,
                "kms_key_id": "",
                "tags": null,
                "tags_all": {},
                "throughput": 125,
                "volume_id": "vol-0e5ff2582fb3e357b",
                "volume_size": 12,
                "volume_type": "gp3"
              }
            ],
            "secondary_private_ips": [],
            "security_groups": [],
            "source_dest_check": true,
            "spot_instance_request_id": "",
            "subnet_id": "subnet-05e226b04ae0ae36b",
            "tags": {
              "Name": "team06-ec2-1",
              "Team": "devcos5-team06"
            },
            "tags_all": {
              "Name": "team06-ec2-1",
              "Team": "devcos5-team06"
            },
            "tenancy": "default",
            "timeouts": null,
            "user_data": "c4e9004f831e5b4caccdb34a0d0973a3b9a27cec",
            "user_data_base64": null,
            "user_data_replace_on_change": false,
            "volume_tags": null,
            "vpc_security_group_ids": [
              "sg-01348fb69a054d7fa"
            ]
          },
          "sensitive_attributes": [],
          "private": "eyJlMmJmYjczMC1lY2FhLTExZTYtOGY4OC0zNDM2M2JjN2M0YzAiOnsiY3JlYXRlIjo2MDAwMDAwMDAwMDAsImRlbGV0ZSI6MTIwMDAwMDAwMDAwMCwicmVhZCI6OTAwMDAwMDAwMDAwLCJ1cGRhdGUiOjYwMDAwMDAwMDAwMH0sInNjaGVtYV92ZXJzaW9uIjoiMSJ9",
          "dependencies": [
            "aws_iam_instance_profile.instance_profile_01",
            "aws_iam_role.ec2_role-01",
            "aws_security_group.nginx-sg",
            "aws_subnet.subnet-02",
            "aws_vpc.vpc-01",
            "data.aws_ami.latest_amazon_linux"
          ]
        }
      ]
    },
    {
      "mode": "managed",
      "type": "aws_instance",
      "name": "ec2_2",
      "provider": "provider[\"registry.terraform.io/hashicorp/aws\"]",
      "instances": [
        {
          "schema_version": 1,
          "attributes": {
            "ami": "ami-0c1638aa346a43fe8",
            "arn": "arn:aws:ec2:ap-northeast-1:495264909330:instance/i-0fd0a753e1ac05ded",
            "associate_public_ip_address": true,
            "availability_zone": "ap-northeast-1a",
            "capacity_reservation_specification": [
              {
                "capacity_reservation_preference": "open",
                "capacity_reservation_target": []
              }
            ],
            "cpu_core_count": 1,
            "cpu_options": [
              {
                "amd_sev_snp": "",
                "core_count": 1,
                "threads_per_core": 2
              }
            ],
            "cpu_threads_per_core": 2,
            "credit_specification": [
              {
                "cpu_credits": "unlimited"
              }
            ],
            "disable_api_stop": false,
            "disable_api_termination": false,
            "ebs_block_device": [],
            "ebs_optimized": false,
            "enable_primary_ipv6": null,
            "enclave_options": [
              {
                "enabled": false
              }
            ],
            "ephemeral_block_device": [],
            "get_password_data": false,
            "hibernation": false,
            "host_id": "",
            "host_resource_group_arn": null,
            "iam_instance_profile": "team06-instance-profile-1",
            "id": "i-0fd0a753e1ac05ded",
            "instance_initiated_shutdown_behavior": "stop",
            "instance_lifecycle": "",
            "instance_market_options": [],
            "instance_state": "running",
            "instance_type": "t3.micro",
            "ipv6_address_count": 0,
            "ipv6_addresses": [],
            "key_name": "",
            "launch_template": [],
            "maintenance_options": [
              {
                "auto_recovery": "default"
              }
            ],
            "metadata_options": [
              {
                "http_endpoint": "enabled",
                "http_protocol_ipv6": "disabled",
                "http_put_response_hop_limit": 2,
                "http_tokens": "required",
                "instance_metadata_tags": "disabled"
              }
            ],
            "monitoring": false,
            "network_interface": [],
            "outpost_arn": "",
            "password_data": "",
            "placement_group": "",
            "placement_partition_number": 0,
            "primary_network_interface_id": "eni-082963d14fad885ff",
            "private_dns": "ip-10-0-1-24.ap-northeast-1.compute.internal",
            "private_dns_name_options": [
              {
                "enable_resource_name_dns_a_record": false,
                "enable_resource_name_dns_aaaa_record": false,
                "hostname_type": "ip-name"
              }
            ],
            "private_ip": "10.0.1.24",
            "public_dns": "",
            "public_ip": "52.195.214.94",
            "root_block_device": [
              {
                "delete_on_termination": true,
                "device_name": "/dev/xvda",
                "encrypted": false,
                "iops": 3000,
                "kms_key_id": "",
                "tags": null,
                "tags_all": {},
                "throughput": 125,
                "volume_id": "vol-03e00426010f4d392",
                "volume_size": 12,
                "volume_type": "gp3"
              }
            ],
            "secondary_private_ips": [],
            "security_groups": [],
            "source_dest_check": true,
            "spot_instance_request_id": "",
            "subnet_id": "subnet-046d29dc840f562d5",
            "tags": {
              "Name": "team06-ec2-2",
              "Team": "devcos5-team06"
            },
            "tags_all": {
              "Name": "team06-ec2-2",
              "Team": "devcos5-team06"
            },
            "tenancy": "default",
            "timeouts": null,
            "user_data": "c4e9004f831e5b4caccdb34a0d0973a3b9a27cec",
            "user_data_base64": null,
            "user_data_replace_on_change": false,
            "volume_tags": null,
            "vpc_security_group_ids": [
              "sg-01348fb69a054d7fa"
            ]
          },
          "sensitive_attributes": [],
          "private": "eyJlMmJmYjczMC1lY2FhLTExZTYtOGY4OC0zNDM2M2JjN2M0YzAiOnsiY3JlYXRlIjo2MDAwMDAwMDAwMDAsImRlbGV0ZSI6MTIwMDAwMDAwMDAwMCwicmVhZCI6OTAwMDAwMDAwMDAwLCJ1cGRhdGUiOjYwMDAwMDAwMDAwMH0sInNjaGVtYV92ZXJzaW9uIjoiMSJ9",
          "dependencies": [
            "aws_iam_instance_profile.instance_profile_01",
            "aws_iam_role.ec2_role-01",
            "aws_security_group.nginx-sg",
            "aws_subnet.subnet-01",
            "aws_vpc.vpc-01",
            "data.aws_ami.latest_amazon_linux"
          ]
        }
      ]
    },
    {
      "mode": "managed",
      "type": "aws_internet_gateway",
      "name": "igw-01",
      "provider": "provider[\"registry.terraform.io/hashicorp/aws\"]",
      "instances": [
        {
          "schema_version": 0,
          "attributes": {
            "arn": "arn:aws:ec2:ap-northeast-1:495264909330:internet-gateway/igw-037bd4618bfe3ef0c",
            "id": "igw-037bd4618bfe3ef0c",
            "owner_id": "495264909330",
            "tags": {
              "Name": "team06-igw-01",
              "Team": "devcos5-team06"
            },
            "tags_all": {
              "Name": "team06-igw-01",
              "Team": "devcos5-team06"
            },
            "timeouts": null,
            "vpc_id": "vpc-02655aa0ff83870e2"
          },
          "sensitive_attributes": [],
          "private": "eyJlMmJmYjczMC1lY2FhLTExZTYtOGY4OC0zNDM2M2JjN2M0YzAiOnsiY3JlYXRlIjoxMjAwMDAwMDAwMDAwLCJkZWxldGUiOjEyMDAwMDAwMDAwMDAsInVwZGF0ZSI6MTIwMDAwMDAwMDAwMH19",
          "dependencies": [
            "aws_vpc.vpc-01"
          ]
        }
      ]
    },
    {
      "mode": "managed",
      "type": "aws_route_table",
      "name": "rt-01",
      "provider": "provider[\"registry.terraform.io/hashicorp/aws\"]",
      "instances": [
        {
          "schema_version": 0,
          "attributes": {
            "arn": "arn:aws:ec2:ap-northeast-1:495264909330:route-table/rtb-071956ad18cec11ec",
            "id": "rtb-071956ad18cec11ec",
            "owner_id": "495264909330",
            "propagating_vgws": [],
            "route": [
              {
                "carrier_gateway_id": "",
                "cidr_block": "0.0.0.0/0",
                "core_network_arn": "",
                "destination_prefix_list_id": "",
                "egress_only_gateway_id": "",
                "gateway_id": "igw-037bd4618bfe3ef0c",
                "ipv6_cidr_block": "",
                "local_gateway_id": "",
                "nat_gateway_id": "",
                "network_interface_id": "",
                "transit_gateway_id": "",
                "vpc_endpoint_id": "",
                "vpc_peering_connection_id": ""
              }
            ],
            "tags": {
              "Name": "team06-rt-1",
              "Team": "devcos5-team06"
            },
            "tags_all": {
              "Name": "team06-rt-1",
              "Team": "devcos5-team06"
            },
            "timeouts": null,
            "vpc_id": "vpc-02655aa0ff83870e2"
          },
          "sensitive_attributes": [],
          "private": "eyJlMmJmYjczMC1lY2FhLTExZTYtOGY4OC0zNDM2M2JjN2M0YzAiOnsiY3JlYXRlIjozMDAwMDAwMDAwMDAsImRlbGV0ZSI6MzAwMDAwMDAwMDAwLCJ1cGRhdGUiOjEyMDAwMDAwMDAwMH19",
          "dependencies": [
            "aws_internet_gateway.igw-01",
            "aws_vpc.vpc-01"
          ]
        }
      ]
    },
    {
      "mode": "managed",
      "type": "aws_route_table_association",
      "name": "association-01",
      "provider": "provider[\"registry.terraform.io/hashicorp/aws\"]",
      "instances": [
        {
          "schema_version": 0,
          "attributes": {
            "gateway_id": "",
            "id": "rtbassoc-01a71df1a17ffa9b8",
            "route_table_id": "rtb-071956ad18cec11ec",
            "subnet_id": "subnet-046d29dc840f562d5",
            "timeouts": null
          },
          "sensitive_attributes": [],
          "private": "eyJlMmJmYjczMC1lY2FhLTExZTYtOGY4OC0zNDM2M2JjN2M0YzAiOnsiY3JlYXRlIjozMDAwMDAwMDAwMDAsImRlbGV0ZSI6MzAwMDAwMDAwMDAwLCJ1cGRhdGUiOjEyMDAwMDAwMDAwMH19",
          "dependencies": [
            "aws_internet_gateway.igw-01",
            "aws_route_table.rt-01",
            "aws_subnet.subnet-01",
            "aws_vpc.vpc-01"
          ]
        }
      ]
    },
    {
      "mode": "managed",
      "type": "aws_route_table_association",
      "name": "association_2",
      "provider": "provider[\"registry.terraform.io/hashicorp/aws\"]",
      "instances": [
        {
          "schema_version": 0,
          "attributes": {
            "gateway_id": "",
            "id": "rtbassoc-05a90de111a08e268",
            "route_table_id": "rtb-071956ad18cec11ec",
            "subnet_id": "subnet-05e226b04ae0ae36b",
            "timeouts": null
          },
          "sensitive_attributes": [],
          "private": "eyJlMmJmYjczMC1lY2FhLTExZTYtOGY4OC0zNDM2M2JjN2M0YzAiOnsiY3JlYXRlIjozMDAwMDAwMDAwMDAsImRlbGV0ZSI6MzAwMDAwMDAwMDAwLCJ1cGRhdGUiOjEyMDAwMDAwMDAwMH19",
          "dependencies": [
            "aws_internet_gateway.igw-01",
            "aws_route_table.rt-01",
            "aws_subnet.subnet-02",
            "aws_vpc.vpc-01"
          ]
        }
      ]
    },
    {
      "mode": "managed",
      "type": "aws_s3_bucket",
      "name": "app_bucket",
      "provider": "provider[\"registry.terraform.io/hashicorp/aws\"]",
      "instances": [
        {
          "schema_version": 0,
          "attributes": {
            "acceleration_status": "",
            "acl": null,
            "arn": "arn:aws:s3:::team06-moviematch-bucket",
            "bucket": "team06-moviematch-bucket",
            "bucket_domain_name": "team06-moviematch-bucket.s3.amazonaws.com",
            "bucket_prefix": "",
            "bucket_regional_domain_name": "team06-moviematch-bucket.s3.ap-northeast-1.amazonaws.com",
            "cors_rule": [],
            "force_destroy": false,
            "grant": [
              {
                "id": "80474dd1c073aaec0624c83317c22ae106f123869448c7c74077ea66e1ddfb20",
                "permissions": [
                  "FULL_CONTROL"
                ],
                "type": "CanonicalUser",
                "uri": ""
              }
            ],
            "hosted_zone_id": "Z2M4EHUR26P7ZW",
            "id": "team06-moviematch-bucket",
            "lifecycle_rule": [],
            "logging": [],
            "object_lock_configuration": [],
            "object_lock_enabled": false,
            "policy": "",
            "region": "ap-northeast-1",
            "replication_configuration": [],
            "request_payer": "BucketOwner",
            "server_side_encryption_configuration": [
              {
                "rule": [
                  {
                    "apply_server_side_encryption_by_default": [
                      {
                        "kms_master_key_id": "",
                        "sse_algorithm": "AES256"
                      }
                    ],
                    "bucket_key_enabled": false
                  }
                ]
              }
            ],
            "tags": {
              "Name": "team06-profile-image-bucket",
              "Team": "devcos5-team06"
            },
            "tags_all": {
              "Name": "team06-profile-image-bucket",
              "Team": "devcos5-team06"
            },
            "timeouts": null,
            "versioning": [
              {
                "enabled": false,
                "mfa_delete": false
              }
            ],
            "website": [],
            "website_domain": null,
            "website_endpoint": null
          },
          "sensitive_attributes": [
            [
              {
                "type": "get_attr",
                "value": "bucket"
              }
            ]
          ],
          "private": "eyJlMmJmYjczMC1lY2FhLTExZTYtOGY4OC0zNDM2M2JjN2M0YzAiOnsiY3JlYXRlIjoxMjAwMDAwMDAwMDAwLCJkZWxldGUiOjM2MDAwMDAwMDAwMDAsInJlYWQiOjEyMDAwMDAwMDAwMDAsInVwZGF0ZSI6MTIwMDAwMDAwMDAwMH19"
        }
      ]
    },
    {
      "mode": "managed",
      "type": "aws_s3_bucket_public_access_block",
      "name": "app_bucket_block",
      "provider": "provider[\"registry.terraform.io/hashicorp/aws\"]",
      "instances": [
        {
          "schema_version": 0,
          "attributes": {
            "block_public_acls": true,
            "block_public_policy": true,
            "bucket": "team06-moviematch-bucket",
            "id": "team06-moviematch-bucket",
            "ignore_public_acls": true,
            "restrict_public_buckets": true
          },
          "sensitive_attributes": [],
          "private": "bnVsbA==",
          "dependencies": [
            "aws_s3_bucket.app_bucket"
          ]
        }
      ]
    },
    {
      "mode": "managed",
      "type": "aws_security_group",
      "name": "nginx-sg",
      "provider": "provider[\"registry.terraform.io/hashicorp/aws\"]",
      "instances": [
        {
          "schema_version": 1,
          "attributes": {
            "arn": "arn:aws:ec2:ap-northeast-1:495264909330:security-group/sg-01348fb69a054d7fa",
            "description": "Managed by Terraform",
            "egress": [
              {
                "cidr_blocks": [
                  "0.0.0.0/0"
                ],
                "description": "",
                "from_port": 0,
                "ipv6_cidr_blocks": [],
                "prefix_list_ids": [],
                "protocol": "-1",
                "security_groups": [],
                "self": false,
                "to_port": 0
              }
            ],
            "id": "sg-01348fb69a054d7fa",
            "ingress": [
              {
                "cidr_blocks": [
                  "0.0.0.0/0"
                ],
                "description": "Allow HTTP",
                "from_port": 80,
                "ipv6_cidr_blocks": [],
                "prefix_list_ids": [],
                "protocol": "tcp",
                "security_groups": [],
                "self": false,
                "to_port": 80
              },
              {
                "cidr_blocks": [
                  "0.0.0.0/0"
                ],
                "description": "Allow HTTPS",
                "from_port": 443,
                "ipv6_cidr_blocks": [],
                "prefix_list_ids": [],
                "protocol": "tcp",
                "security_groups": [],
                "self": false,
                "to_port": 443
              },
              {
                "cidr_blocks": [
                  "0.0.0.0/0"
                ],
                "description": "DB",
                "from_port": 3306,
                "ipv6_cidr_blocks": [],
                "prefix_list_ids": [],
                "protocol": "tcp",
                "security_groups": [],
                "self": false,
                "to_port": 3306
              },
              {
                "cidr_blocks": [
                  "0.0.0.0/0"
                ],
                "description": "NPM Admin UI Port 81",
                "from_port": 81,
                "ipv6_cidr_blocks": [],
                "prefix_list_ids": [],
                "protocol": "tcp",
                "security_groups": [],
                "self": false,
                "to_port": 81
              },
              {
                "cidr_blocks": [
                  "0.0.0.0/0"
                ],
                "description": "Spring Boot",
                "from_port": 8080,
                "ipv6_cidr_blocks": [],
                "prefix_list_ids": [],
                "protocol": "tcp",
                "security_groups": [],
                "self": false,
                "to_port": 8080
              },
              {
                "cidr_blocks": [
                  "0.0.0.0/0"
                ],
                "description": "Spring Boot2",
                "from_port": 8081,
                "ipv6_cidr_blocks": [],
                "prefix_list_ids": [],
                "protocol": "tcp",
                "security_groups": [],
                "self": false,
                "to_port": 8081
              },
              {
                "cidr_blocks": [
                  "0.0.0.0/0"
                ],
                "description": "haproxy",
                "from_port": 8090,
                "ipv6_cidr_blocks": [],
                "prefix_list_ids": [],
                "protocol": "tcp",
                "security_groups": [],
                "self": false,
                "to_port": 8090
              }
            ],
            "name": "nginx-proxy-sg",
            "name_prefix": "",
            "owner_id": "495264909330",
            "revoke_rules_on_delete": false,
            "tags": {
              "Name": "team06-nginx-proxy-sg",
              "Team": "devcos5-team06"
            },
            "tags_all": {
              "Name": "team06-nginx-proxy-sg",
              "Team": "devcos5-team06"
            },
            "timeouts": null,
            "vpc_id": "vpc-02655aa0ff83870e2"
          },
          "sensitive_attributes": [],
          "private": "eyJlMmJmYjczMC1lY2FhLTExZTYtOGY4OC0zNDM2M2JjN2M0YzAiOnsiY3JlYXRlIjo2MDAwMDAwMDAwMDAsImRlbGV0ZSI6OTAwMDAwMDAwMDAwfSwic2NoZW1hX3ZlcnNpb24iOiIxIn0=",
          "dependencies": [
            "aws_vpc.vpc-01"
          ]
        }
      ]
    },
    {
      "mode": "managed",
      "type": "aws_subnet",
      "name": "subnet-01",
      "provider": "provider[\"registry.terraform.io/hashicorp/aws\"]",
      "instances": [
        {
          "schema_version": 1,
          "attributes": {
            "arn": "arn:aws:ec2:ap-northeast-1:495264909330:subnet/subnet-046d29dc840f562d5",
            "assign_ipv6_address_on_creation": false,
            "availability_zone": "ap-northeast-1a",
            "availability_zone_id": "apne1-az4",
            "cidr_block": "10.0.1.0/24",
            "customer_owned_ipv4_pool": "",
            "enable_dns64": false,
            "enable_lni_at_device_index": 0,
            "enable_resource_name_dns_a_record_on_launch": false,
            "enable_resource_name_dns_aaaa_record_on_launch": false,
            "id": "subnet-046d29dc840f562d5",
            "ipv6_cidr_block": "",
            "ipv6_cidr_block_association_id": "",
            "ipv6_native": false,
            "map_customer_owned_ip_on_launch": false,
            "map_public_ip_on_launch": true,
            "outpost_arn": "",
            "owner_id": "495264909330",
            "private_dns_hostname_type_on_launch": "ip-name",
            "tags": {
              "Name": "team06-subnet-01",
              "Team": "devcos5-team06"
            },
            "tags_all": {
              "Name": "team06-subnet-01",
              "Team": "devcos5-team06"
            },
            "timeouts": null,
            "vpc_id": "vpc-02655aa0ff83870e2"
          },
          "sensitive_attributes": [],
          "private": "eyJlMmJmYjczMC1lY2FhLTExZTYtOGY4OC0zNDM2M2JjN2M0YzAiOnsiY3JlYXRlIjo2MDAwMDAwMDAwMDAsImRlbGV0ZSI6MTIwMDAwMDAwMDAwMH0sInNjaGVtYV92ZXJzaW9uIjoiMSJ9",
          "dependencies": [
            "aws_vpc.vpc-01"
          ]
        }
      ]
    },
    {
      "mode": "managed",
      "type": "aws_subnet",
      "name": "subnet-02",
      "provider": "provider[\"registry.terraform.io/hashicorp/aws\"]",
      "instances": [
        {
          "schema_version": 1,
          "attributes": {
            "arn": "arn:aws:ec2:ap-northeast-1:495264909330:subnet/subnet-05e226b04ae0ae36b",
            "assign_ipv6_address_on_creation": false,
            "availability_zone": "ap-northeast-1a",
            "availability_zone_id": "apne1-az4",
            "cidr_block": "10.0.2.0/24",
            "customer_owned_ipv4_pool": "",
            "enable_dns64": false,
            "enable_lni_at_device_index": 0,
            "enable_resource_name_dns_a_record_on_launch": false,
            "enable_resource_name_dns_aaaa_record_on_launch": false,
            "id": "subnet-05e226b04ae0ae36b",
            "ipv6_cidr_block": "",
            "ipv6_cidr_block_association_id": "",
            "ipv6_native": false,
            "map_customer_owned_ip_on_launch": false,
            "map_public_ip_on_launch": true,
            "outpost_arn": "",
            "owner_id": "495264909330",
            "private_dns_hostname_type_on_launch": "ip-name",
            "tags": {
              "Name": "team06-subnet-02",
              "Team": "devcos5-team06"
            },
            "tags_all": {
              "Name": "team06-subnet-02",
              "Team": "devcos5-team06"
            },
            "timeouts": null,
            "vpc_id": "vpc-02655aa0ff83870e2"
          },
          "sensitive_attributes": [],
          "private": "eyJlMmJmYjczMC1lY2FhLTExZTYtOGY4OC0zNDM2M2JjN2M0YzAiOnsiY3JlYXRlIjo2MDAwMDAwMDAwMDAsImRlbGV0ZSI6MTIwMDAwMDAwMDAwMH0sInNjaGVtYV92ZXJzaW9uIjoiMSJ9",
          "dependencies": [
            "aws_vpc.vpc-01"
          ]
        }
      ]
    },
    {
      "mode": "managed",
      "type": "aws_vpc",
      "name": "vpc-01",
      "provider": "provider[\"registry.terraform.io/hashicorp/aws\"]",
      "instances": [
        {
          "schema_version": 1,
          "attributes": {
            "arn": "arn:aws:ec2:ap-northeast-1:495264909330:vpc/vpc-02655aa0ff83870e2",
            "assign_generated_ipv6_cidr_block": false,
            "cidr_block": "10.0.0.0/16",
            "default_network_acl_id": "acl-06daba9c7e843f5ab",
            "default_route_table_id": "rtb-064044ae15c0997fa",
            "default_security_group_id": "sg-0cc77fc6619152156",
            "dhcp_options_id": "dopt-04b4308b0efe84b58",
            "enable_dns_hostnames": false,
            "enable_dns_support": true,
            "enable_network_address_usage_metrics": false,
            "id": "vpc-02655aa0ff83870e2",
            "instance_tenancy": "default",
            "ipv4_ipam_pool_id": null,
            "ipv4_netmask_length": null,
            "ipv6_association_id": "",
            "ipv6_cidr_block": "",
            "ipv6_cidr_block_network_border_group": "",
            "ipv6_ipam_pool_id": "",
            "ipv6_netmask_length": 0,
            "main_route_table_id": "rtb-064044ae15c0997fa",
            "owner_id": "495264909330",
            "tags": {
              "Name": "team06-vpc-01",
              "Team": "devcos5-team06"
            },
            "tags_all": {
              "Name": "team06-vpc-01",
              "Team": "devcos5-team06"
            }
          },
          "sensitive_attributes": [],
          "private": "eyJzY2hlbWFfdmVyc2lvbiI6IjEifQ=="
        }
      ]
    }
  ],
  "check_results": null
}
